github.com/dorin131/go-data-structures v0.0.0-20200107192054-effbbe346263 h1:2jGL4iO7F5b8Tm+lqhFLCKc4fRjK0/wpXcZfSRljKLw=
github.com/dorin131/go-data-structures v0.0.0-20200107192054-effbbe346263/go.mod h1:OYBtqjPt2gqsBli4UeB+4P74Wyf4YKEV4IwgZOgjb9g=
github.com/dorin131/go-data-structures v0.0.0-20200112181556-cfb304c8c6e8 h1:6R6NUXFvnEZUNIH9AZfkGt9tj5VsSf1i5KZcF5ah/64=
github.com/dorin131/go-data-structures v0.0.0-20200112181556-cfb304c8c6e8/go.mod h1:OYBtqjPt2gqsBli4UeB+4P74Wyf4YKEV4IwgZOgjb9g=
